
Microsoft Visual Studio Solution File, Format Version 12.00
# Visual Studio 2013
VisualStudioVersion = 12.0.0.0
MinimumVisualStudioVersion = 10.0.0.1
Project("{FAE04EC0-301F-11D3-BF4B-00C04F79EFBC}") = "Autumn.Mvc.Data.MongoDB.Samples", "Autumn.Mvc.Data.MongoDB.Samples\Autumn.Mvc.Data.MongoDB.Samples.csproj", "{544BCD76-2926-4098-994F-8B1B7F250BDA}"
EndProject
Project("{FAE04EC0-301F-11D3-BF4B-00C04F79EFBC}") = "Autumn.Mvc.Data", "Autumn.Mvc.Data\Autumn.Mvc.Data.csproj", "{AD37364A-0CAD-461B-8E19-2249BCAE9AB1}"
EndProject
Project("{FAE04EC0-301F-11D3-BF4B-00C04F79EFBC}") = "Autumn.Mvc.Data.MongoDB", "Autumn.Mvc.Data.MongoDB\Autumn.Mvc.Data.MongoDB.csproj", "{AD37364A-0CAD-461B-8E19-2249BCAE9AB2}"
EndProject
Project("{2150E333-8FDC-42A3-9474-1A3956D46DE8}") = "Autumn.Mvc.Data", "Autumn.Mvc.Data", "{74CB3A01-9350-4F3C-8D7C-34B3F42559A1}"
EndProject
Project("{2150E333-8FDC-42A3-9474-1A3956D46DE8}") = "Autumn.Mvc.Data.MongoDB", "Autumn.Mvc.Data.MongoDB", "{72B3CA75-F621-47CE-B3D2-8323AE4612C1}"
EndProject
Project("{2150E333-8FDC-42A3-9474-1A3956D46DE8}") = "Autumn.Mvc.Data.EF", "Autumn.Mvc.Data.EF", "{9D63C3D9-0647-428D-885C-1A80EB47D8F7}"
EndProject
Project("{FAE04EC0-301F-11D3-BF4B-00C04F79EFBC}") = "Autumn.Mvc.Data.Mvc.EF", "Autumn.Mvc.Data.EF\Autumn.Mvc.Data.EF.csproj", "{F1BBCBA5-83C6-448D-8277-C76F3ADA9C83}"
EndProject
Project("{FAE04EC0-301F-11D3-BF4B-00C04F79EFBC}") = "Autumn.Mvc.Data.EF.SqlServer.Samples", "Autumn.Mvc.Data.EF.SqlServer.Samples\Autumn.Mvc.Data.EF.SqlServer.Samples.csproj", "{C5E34893-6903-4A82-B2E0-7A442238BD02}"
EndProject
Project("{FAE04EC0-301F-11D3-BF4B-00C04F79EFBC}") = "Autumn.Mvc.Data.EF.Npgsql", "Autumn.Mvc.Data.EF.Npgsql\Autumn.Mvc.Data.EF.Npgsql.csproj", "{6BA2410A-6E09-4F22-A8D7-12611EB2E242}"
EndProject
Project("{FAE04EC0-301F-11D3-BF4B-00C04F79EFBC}") = "Autumn.Mvc.Data.EF.SqlServer", "Autumn.Mvc.Data.EF.SqlServer\Autumn.Mvc.Data.EF.SqlServer.csproj", "{D0361BCE-D6A9-4DC2-994E-A80762992485}"
EndProject
Project("{FAE04EC0-301F-11D3-BF4B-00C04F79EFBC}") = "Autumn.Mvc.Data.EF.Sqlite", "Autumn.Mvc.Data.EF.Sqlite\Autumn.Mvc.Data.EF.Sqlite.csproj", "{97E3206F-D690-4C7F-8EC1-4287F5436F43}"
EndProject
Project("{2150E333-8FDC-42A3-9474-1A3956D46DE8}") = "SqlServer", "SqlServer", "{28FF0381-40DA-4E02-8E56-6FE8475B010A}"
EndProject
Project("{2150E333-8FDC-42A3-9474-1A3956D46DE8}") = "Npgsql", "Npgsql", "{506CF688-4B86-4D86-BD46-B8617F86FE1F}"
EndProject
Project("{2150E333-8FDC-42A3-9474-1A3956D46DE8}") = "Sqlite", "Sqlite", "{D59DA3D6-ADAC-494D-80E3-D42510CDFC93}"
EndProject
Project("{2150E333-8FDC-42A3-9474-1A3956D46DE8}") = "Mysql", "Mysql", "{965B8F9D-EB2B-46A4-9CD4-7DAA45601055}"
EndProject
Project("{FAE04EC0-301F-11D3-BF4B-00C04F79EFBC}") = "Autumn.Mvc.Data.EF.Mysql", "Autumn.Mvc.Data.EF.Mysql\Autumn.Mvc.Data.EF.Mysql.csproj", "{2C250512-7E20-4B7B-B11C-EFA47095C10C}"
EndProject
Project("{FAE04EC0-301F-11D3-BF4B-00C04F79EFBC}") = "Autumn.Mvc.Data.EF.Sqlite.Samples", "Autumn.Mvc.Data.EF.Sqlite.Samples\Autumn.Mvc.Data.EF.Sqlite.Samples.csproj", "{4078B2F7-8953-47C8-B034-23D7294D5719}"
EndProject
Project("{FAE04EC0-301F-11D3-BF4B-00C04F79EFBC}") = "Autumn.Mvc.Data.EF.Npgsql.Samples", "Autumn.Mvc.Data.EF.Npgsql.Samples\Autumn.Mvc.Data.EF.Npgsql.Samples.csproj", "{6E782B11-7330-4DF3-A43B-F7EBF0D5FF83}"
EndProject
Project("{FAE04EC0-301F-11D3-BF4B-00C04F79EFBC}") = "Autumn.Mvc.Data.EF.Mysql.Samples", "Autumn.Mvc.Data.EF.Mysql.Samples\Autumn.Mvc.Data.EF.Mysql.Samples.csproj", "{198A6858-6693-4E68-ACCF-07EE51233A68}"
EndProject
Global
	GlobalSection(SolutionConfigurationPlatforms) = preSolution
		Debug|Any CPU = Debug|Any CPU
		Release|Any CPU = Release|Any CPU
	EndGlobalSection
	GlobalSection(ProjectConfigurationPlatforms) = postSolution
		{544BCD76-2926-4098-994F-8B1B7F250BDA}.Debug|Any CPU.ActiveCfg = Debug|Any CPU
		{544BCD76-2926-4098-994F-8B1B7F250BDA}.Debug|Any CPU.Build.0 = Debug|Any CPU
		{544BCD76-2926-4098-994F-8B1B7F250BDA}.Release|Any CPU.ActiveCfg = Release|Any CPU
		{544BCD76-2926-4098-994F-8B1B7F250BDA}.Release|Any CPU.Build.0 = Release|Any CPU
		{AD37364A-0CAD-461B-8E19-2249BCAE9AB1}.Debug|Any CPU.ActiveCfg = Debug|Any CPU
		{AD37364A-0CAD-461B-8E19-2249BCAE9AB1}.Debug|Any CPU.Build.0 = Debug|Any CPU
		{AD37364A-0CAD-461B-8E19-2249BCAE9AB1}.Release|Any CPU.ActiveCfg = Release|Any CPU
		{AD37364A-0CAD-461B-8E19-2249BCAE9AB1}.Release|Any CPU.Build.0 = Release|Any CPU
		{AD37364A-0CAD-461B-8E19-2249BCAE9AB2}.Debug|Any CPU.ActiveCfg = Debug|Any CPU
		{AD37364A-0CAD-461B-8E19-2249BCAE9AB2}.Debug|Any CPU.Build.0 = Debug|Any CPU
		{AD37364A-0CAD-461B-8E19-2249BCAE9AB2}.Release|Any CPU.ActiveCfg = Release|Any CPU
		{AD37364A-0CAD-461B-8E19-2249BCAE9AB2}.Release|Any CPU.Build.0 = Release|Any CPU
		{F1BBCBA5-83C6-448D-8277-C76F3ADA9C83}.Debug|Any CPU.ActiveCfg = Debug|Any CPU
		{F1BBCBA5-83C6-448D-8277-C76F3ADA9C83}.Debug|Any CPU.Build.0 = Debug|Any CPU
		{F1BBCBA5-83C6-448D-8277-C76F3ADA9C83}.Release|Any CPU.ActiveCfg = Release|Any CPU
		{F1BBCBA5-83C6-448D-8277-C76F3ADA9C83}.Release|Any CPU.Build.0 = Release|Any CPU
		{C5E34893-6903-4A82-B2E0-7A442238BD02}.Debug|Any CPU.ActiveCfg = Debug|Any CPU
		{C5E34893-6903-4A82-B2E0-7A442238BD02}.Debug|Any CPU.Build.0 = Debug|Any CPU
		{C5E34893-6903-4A82-B2E0-7A442238BD02}.Release|Any CPU.ActiveCfg = Release|Any CPU
		{C5E34893-6903-4A82-B2E0-7A442238BD02}.Release|Any CPU.Build.0 = Release|Any CPU
		{6BA2410A-6E09-4F22-A8D7-12611EB2E242}.Debug|Any CPU.ActiveCfg = Debug|Any CPU
		{6BA2410A-6E09-4F22-A8D7-12611EB2E242}.Debug|Any CPU.Build.0 = Debug|Any CPU
		{6BA2410A-6E09-4F22-A8D7-12611EB2E242}.Release|Any CPU.ActiveCfg = Release|Any CPU
		{6BA2410A-6E09-4F22-A8D7-12611EB2E242}.Release|Any CPU.Build.0 = Release|Any CPU
		{D0361BCE-D6A9-4DC2-994E-A80762992485}.Debug|Any CPU.ActiveCfg = Debug|Any CPU
		{D0361BCE-D6A9-4DC2-994E-A80762992485}.Debug|Any CPU.Build.0 = Debug|Any CPU
		{D0361BCE-D6A9-4DC2-994E-A80762992485}.Release|Any CPU.ActiveCfg = Release|Any CPU
		{D0361BCE-D6A9-4DC2-994E-A80762992485}.Release|Any CPU.Build.0 = Release|Any CPU
		{97E3206F-D690-4C7F-8EC1-4287F5436F43}.Debug|Any CPU.ActiveCfg = Debug|Any CPU
		{97E3206F-D690-4C7F-8EC1-4287F5436F43}.Debug|Any CPU.Build.0 = Debug|Any CPU
		{97E3206F-D690-4C7F-8EC1-4287F5436F43}.Release|Any CPU.ActiveCfg = Release|Any CPU
		{97E3206F-D690-4C7F-8EC1-4287F5436F43}.Release|Any CPU.Build.0 = Release|Any CPU
		{2C250512-7E20-4B7B-B11C-EFA47095C10C}.Debug|Any CPU.ActiveCfg = Debug|Any CPU
		{2C250512-7E20-4B7B-B11C-EFA47095C10C}.Debug|Any CPU.Build.0 = Debug|Any CPU
		{2C250512-7E20-4B7B-B11C-EFA47095C10C}.Release|Any CPU.ActiveCfg = Release|Any CPU
		{2C250512-7E20-4B7B-B11C-EFA47095C10C}.Release|Any CPU.Build.0 = Release|Any CPU
		{4078B2F7-8953-47C8-B034-23D7294D5719}.Debug|Any CPU.ActiveCfg = Debug|Any CPU
		{4078B2F7-8953-47C8-B034-23D7294D5719}.Debug|Any CPU.Build.0 = Debug|Any CPU
		{4078B2F7-8953-47C8-B034-23D7294D5719}.Release|Any CPU.ActiveCfg = Release|Any CPU
		{4078B2F7-8953-47C8-B034-23D7294D5719}.Release|Any CPU.Build.0 = Release|Any CPU
		{6E782B11-7330-4DF3-A43B-F7EBF0D5FF83}.Debug|Any CPU.ActiveCfg = Debug|Any CPU
		{6E782B11-7330-4DF3-A43B-F7EBF0D5FF83}.Debug|Any CPU.Build.0 = Debug|Any CPU
		{6E782B11-7330-4DF3-A43B-F7EBF0D5FF83}.Release|Any CPU.ActiveCfg = Release|Any CPU
		{6E782B11-7330-4DF3-A43B-F7EBF0D5FF83}.Release|Any CPU.Build.0 = Release|Any CPU
		{198A6858-6693-4E68-ACCF-07EE51233A68}.Debug|Any CPU.ActiveCfg = Debug|Any CPU
		{198A6858-6693-4E68-ACCF-07EE51233A68}.Debug|Any CPU.Build.0 = Debug|Any CPU
		{198A6858-6693-4E68-ACCF-07EE51233A68}.Release|Any CPU.ActiveCfg = Release|Any CPU
		{198A6858-6693-4E68-ACCF-07EE51233A68}.Release|Any CPU.Build.0 = Release|Any CPU
	EndGlobalSection
	GlobalSection(SolutionProperties) = preSolution
		HideSolutionNode = FALSE
	EndGlobalSection
	GlobalSection(NestedProjects) = preSolution
		{AD37364A-0CAD-461B-8E19-2249BCAE9AB1} = {74CB3A01-9350-4F3C-8D7C-34B3F42559A1}
		{AD37364A-0CAD-461B-8E19-2249BCAE9AB2} = {72B3CA75-F621-47CE-B3D2-8323AE4612C1}
		{544BCD76-2926-4098-994F-8B1B7F250BDA} = {72B3CA75-F621-47CE-B3D2-8323AE4612C1}
		{F1BBCBA5-83C6-448D-8277-C76F3ADA9C83} = {9D63C3D9-0647-428D-885C-1A80EB47D8F7}
		{28FF0381-40DA-4E02-8E56-6FE8475B010A} = {9D63C3D9-0647-428D-885C-1A80EB47D8F7}
		{D0361BCE-D6A9-4DC2-994E-A80762992485} = {28FF0381-40DA-4E02-8E56-6FE8475B010A}
		{C5E34893-6903-4A82-B2E0-7A442238BD02} = {28FF0381-40DA-4E02-8E56-6FE8475B010A}
		{506CF688-4B86-4D86-BD46-B8617F86FE1F} = {9D63C3D9-0647-428D-885C-1A80EB47D8F7}
		{6BA2410A-6E09-4F22-A8D7-12611EB2E242} = {506CF688-4B86-4D86-BD46-B8617F86FE1F}
		{D59DA3D6-ADAC-494D-80E3-D42510CDFC93} = {9D63C3D9-0647-428D-885C-1A80EB47D8F7}
		{97E3206F-D690-4C7F-8EC1-4287F5436F43} = {D59DA3D6-ADAC-494D-80E3-D42510CDFC93}
		{965B8F9D-EB2B-46A4-9CD4-7DAA45601055} = {9D63C3D9-0647-428D-885C-1A80EB47D8F7}
		{2C250512-7E20-4B7B-B11C-EFA47095C10C} = {965B8F9D-EB2B-46A4-9CD4-7DAA45601055}
		{4078B2F7-8953-47C8-B034-23D7294D5719} = {D59DA3D6-ADAC-494D-80E3-D42510CDFC93}
		{6E782B11-7330-4DF3-A43B-F7EBF0D5FF83} = {506CF688-4B86-4D86-BD46-B8617F86FE1F}
		{198A6858-6693-4E68-ACCF-07EE51233A68} = {965B8F9D-EB2B-46A4-9CD4-7DAA45601055}
	EndGlobalSection
EndGlobal
