
Microsoft Visual Studio Solution File, Format Version 12.00
# Visual Studio 2013
VisualStudioVersion = 12.0.0.0
MinimumVisualStudioVersion = 10.0.0.1
Project("{FAE04EC0-301F-11D3-BF4B-00C04F79EFBC}") = "Autumn.Data.Mvc.Samples", "Autumn.Data.Mvc.Samples\Autumn.Data.Mvc.Samples.csproj", "{544BCD76-2926-4098-994F-8B1B7F250BDA}"
EndProject
Project("{FAE04EC0-301F-11D3-BF4B-00C04F79EFBC}") = "Autumn.Data.Mvc", "Autumn.Data.Mvc\Autumn.Data.Mvc.csproj", "{AD37364A-0CAD-461B-8E19-2249BCAE9AB1}"
EndProject
Project("{FAE04EC0-301F-11D3-BF4B-00C04F79EFBC}") = "Autumn.Data.Mvc.MongoDB", "Autumn.Data.Mvc.MongoDB\Autumn.Data.Mvc.MongoDB.csproj", "{AD37364A-0CAD-461B-8E19-2249BCAE9AB2}"
EndProject
Project("{FAE04EC0-301F-11D3-BF4B-00C04F79EFBC}") = "Autumn.Data.Mvc.Tests", "Autumn.Data.Mvc.Tests\Autumn.Data.Mvc.Tests.csproj", "{958A386D-9DEC-414D-8213-89292AACFEEA}"
EndProject
Project("{2150E333-8FDC-42A3-9474-1A3956D46DE8}") = "Autumn.Data.Mvc", "Autumn.Data.Mvc", "{74CB3A01-9350-4F3C-8D7C-34B3F42559A1}"
EndProject
Global
	GlobalSection(SolutionConfigurationPlatforms) = preSolution
		Debug|Any CPU = Debug|Any CPU
		Release|Any CPU = Release|Any CPU
	EndGlobalSection
	GlobalSection(ProjectConfigurationPlatforms) = postSolution
		{544BCD76-2926-4098-994F-8B1B7F250BDA}.Debug|Any CPU.ActiveCfg = Debug|Any CPU
		{544BCD76-2926-4098-994F-8B1B7F250BDA}.Debug|Any CPU.Build.0 = Debug|Any CPU
		{544BCD76-2926-4098-994F-8B1B7F250BDA}.Release|Any CPU.ActiveCfg = Release|Any CPU
		{544BCD76-2926-4098-994F-8B1B7F250BDA}.Release|Any CPU.Build.0 = Release|Any CPU
		{AD37364A-0CAD-461B-8E19-2249BCAE9AB1}.Debug|Any CPU.ActiveCfg = Debug|Any CPU
		{AD37364A-0CAD-461B-8E19-2249BCAE9AB1}.Debug|Any CPU.Build.0 = Debug|Any CPU
		{AD37364A-0CAD-461B-8E19-2249BCAE9AB1}.Release|Any CPU.ActiveCfg = Release|Any CPU
		{AD37364A-0CAD-461B-8E19-2249BCAE9AB1}.Release|Any CPU.Build.0 = Release|Any CPU
		{AD37364A-0CAD-461B-8E19-2249BCAE9AB2}.Debug|Any CPU.ActiveCfg = Debug|Any CPU
		{AD37364A-0CAD-461B-8E19-2249BCAE9AB2}.Debug|Any CPU.Build.0 = Debug|Any CPU
		{AD37364A-0CAD-461B-8E19-2249BCAE9AB2}.Release|Any CPU.ActiveCfg = Release|Any CPU
		{AD37364A-0CAD-461B-8E19-2249BCAE9AB2}.Release|Any CPU.Build.0 = Release|Any CPU
		{958A386D-9DEC-414D-8213-89292AACFEEA}.Debug|Any CPU.ActiveCfg = Debug|Any CPU
		{958A386D-9DEC-414D-8213-89292AACFEEA}.Debug|Any CPU.Build.0 = Debug|Any CPU
		{958A386D-9DEC-414D-8213-89292AACFEEA}.Release|Any CPU.ActiveCfg = Release|Any CPU
		{958A386D-9DEC-414D-8213-89292AACFEEA}.Release|Any CPU.Build.0 = Release|Any CPU
	EndGlobalSection
	GlobalSection(SolutionProperties) = preSolution
		HideSolutionNode = FALSE
	EndGlobalSection
	GlobalSection(NestedProjects) = preSolution
		{AD37364A-0CAD-461B-8E19-2249BCAE9AB1} = {74CB3A01-9350-4F3C-8D7C-34B3F42559A1}
		{958A386D-9DEC-414D-8213-89292AACFEEA} = {74CB3A01-9350-4F3C-8D7C-34B3F42559A1}
	EndGlobalSection
EndGlobal
