
Microsoft Visual Studio Solution File, Format Version 12.00
# Visual Studio 2013
VisualStudioVersion = 12.0.0.0
MinimumVisualStudioVersion = 10.0.0.1
Project("{FAE04EC0-301F-11D3-BF4B-00C04F79EFBC}") = "Autumn.Mvc.Data.MongoDB.Samples", "Autumn.Mvc.Data.MongoDB.Samples\Autumn.Mvc.Data.MongoDB.Samples.csproj", "{544BCD76-2926-4098-994F-8B1B7F250BDA}"
EndProject
Project("{FAE04EC0-301F-11D3-BF4B-00C04F79EFBC}") = "Autumn.Mvc.Data", "Autumn.Mvc.Data\Autumn.Mvc.Data.csproj", "{AD37364A-0CAD-461B-8E19-2249BCAE9AB1}"
EndProject
Project("{FAE04EC0-301F-11D3-BF4B-00C04F79EFBC}") = "Autumn.Mvc.Data.MongoDB", "Autumn.Mvc.Data.MongoDB\Autumn.Mvc.Data.MongoDB.csproj", "{AD37364A-0CAD-461B-8E19-2249BCAE9AB2}"
EndProject
Project("{FAE04EC0-301F-11D3-BF4B-00C04F79EFBC}") = "Autumn.Mvc.Data.Tests", "Autumn.Mvc.Data.Tests\Autumn.Mvc.Data.Tests.csproj", "{958A386D-9DEC-414D-8213-89292AACFEEA}"
EndProject
Project("{2150E333-8FDC-42A3-9474-1A3956D46DE8}") = "Autumn.Mvc.Data", "Autumn.Mvc.Data", "{74CB3A01-9350-4F3C-8D7C-34B3F42559A1}"
EndProject
Project("{2150E333-8FDC-42A3-9474-1A3956D46DE8}") = "Autumn.Mvc.Data.MongoDB", "Autumn.Mvc.Data.MongoDB", "{72B3CA75-F621-47CE-B3D2-8323AE4612C1}"
EndProject
Project("{2150E333-8FDC-42A3-9474-1A3956D46DE8}") = "Autumn.Mvc.Data.Swagger", "Autumn.Mvc.Data.Swagger", "{66C17CB8-161B-4151-8DB8-4EF6CE0DF997}"
EndProject
Project("{FAE04EC0-301F-11D3-BF4B-00C04F79EFBC}") = "Autumn.Mvc.Data.Swagger", "Autumn.Mvc.Data.Swagger\Autumn.Mvc.Data.Swagger.csproj", "{02E40498-5C64-477F-9756-61369582536A}"
EndProject
Project("{2150E333-8FDC-42A3-9474-1A3956D46DE8}") = "Autumn.Mvc.Data.EntityFramework", "Autumn.Mvc.Data.EntityFramework", "{9D63C3D9-0647-428D-885C-1A80EB47D8F7}"
EndProject
Project("{FAE04EC0-301F-11D3-BF4B-00C04F79EFBC}") = "Autumn.Data.Mvc.EntityFramework", "Autumn.Data.Mvc.EntityFramework\Autumn.Data.Mvc.EntityFramework.csproj", "{F1BBCBA5-83C6-448D-8277-C76F3ADA9C83}"
EndProject
Project("{FAE04EC0-301F-11D3-BF4B-00C04F79EFBC}") = "Autumn.Data.Mvc.EntityFramework.Samples", "Autumn.Data.Mvc.EntityFramework.Samples\Autumn.Data.Mvc.EntityFramework.Samples.csproj", "{C5E34893-6903-4A82-B2E0-7A442238BD02}"
EndProject
Global
	GlobalSection(SolutionConfigurationPlatforms) = preSolution
		Debug|Any CPU = Debug|Any CPU
		Release|Any CPU = Release|Any CPU
	EndGlobalSection
	GlobalSection(ProjectConfigurationPlatforms) = postSolution
		{544BCD76-2926-4098-994F-8B1B7F250BDA}.Debug|Any CPU.ActiveCfg = Debug|Any CPU
		{544BCD76-2926-4098-994F-8B1B7F250BDA}.Debug|Any CPU.Build.0 = Debug|Any CPU
		{544BCD76-2926-4098-994F-8B1B7F250BDA}.Release|Any CPU.ActiveCfg = Release|Any CPU
		{544BCD76-2926-4098-994F-8B1B7F250BDA}.Release|Any CPU.Build.0 = Release|Any CPU
		{AD37364A-0CAD-461B-8E19-2249BCAE9AB1}.Debug|Any CPU.ActiveCfg = Debug|Any CPU
		{AD37364A-0CAD-461B-8E19-2249BCAE9AB1}.Debug|Any CPU.Build.0 = Debug|Any CPU
		{AD37364A-0CAD-461B-8E19-2249BCAE9AB1}.Release|Any CPU.ActiveCfg = Release|Any CPU
		{AD37364A-0CAD-461B-8E19-2249BCAE9AB1}.Release|Any CPU.Build.0 = Release|Any CPU
		{AD37364A-0CAD-461B-8E19-2249BCAE9AB2}.Debug|Any CPU.ActiveCfg = Debug|Any CPU
		{AD37364A-0CAD-461B-8E19-2249BCAE9AB2}.Debug|Any CPU.Build.0 = Debug|Any CPU
		{AD37364A-0CAD-461B-8E19-2249BCAE9AB2}.Release|Any CPU.ActiveCfg = Release|Any CPU
		{AD37364A-0CAD-461B-8E19-2249BCAE9AB2}.Release|Any CPU.Build.0 = Release|Any CPU
		{958A386D-9DEC-414D-8213-89292AACFEEA}.Debug|Any CPU.ActiveCfg = Debug|Any CPU
		{958A386D-9DEC-414D-8213-89292AACFEEA}.Debug|Any CPU.Build.0 = Debug|Any CPU
		{958A386D-9DEC-414D-8213-89292AACFEEA}.Release|Any CPU.ActiveCfg = Release|Any CPU
		{958A386D-9DEC-414D-8213-89292AACFEEA}.Release|Any CPU.Build.0 = Release|Any CPU
		{02E40498-5C64-477F-9756-61369582536A}.Debug|Any CPU.ActiveCfg = Debug|Any CPU
		{02E40498-5C64-477F-9756-61369582536A}.Debug|Any CPU.Build.0 = Debug|Any CPU
		{02E40498-5C64-477F-9756-61369582536A}.Release|Any CPU.ActiveCfg = Release|Any CPU
		{02E40498-5C64-477F-9756-61369582536A}.Release|Any CPU.Build.0 = Release|Any CPU
		{F1BBCBA5-83C6-448D-8277-C76F3ADA9C83}.Debug|Any CPU.ActiveCfg = Debug|Any CPU
		{F1BBCBA5-83C6-448D-8277-C76F3ADA9C83}.Debug|Any CPU.Build.0 = Debug|Any CPU
		{F1BBCBA5-83C6-448D-8277-C76F3ADA9C83}.Release|Any CPU.ActiveCfg = Release|Any CPU
		{F1BBCBA5-83C6-448D-8277-C76F3ADA9C83}.Release|Any CPU.Build.0 = Release|Any CPU
		{C5E34893-6903-4A82-B2E0-7A442238BD02}.Debug|Any CPU.ActiveCfg = Debug|Any CPU
		{C5E34893-6903-4A82-B2E0-7A442238BD02}.Debug|Any CPU.Build.0 = Debug|Any CPU
		{C5E34893-6903-4A82-B2E0-7A442238BD02}.Release|Any CPU.ActiveCfg = Release|Any CPU
		{C5E34893-6903-4A82-B2E0-7A442238BD02}.Release|Any CPU.Build.0 = Release|Any CPU
	EndGlobalSection
	GlobalSection(SolutionProperties) = preSolution
		HideSolutionNode = FALSE
	EndGlobalSection
	GlobalSection(NestedProjects) = preSolution
		{AD37364A-0CAD-461B-8E19-2249BCAE9AB1} = {74CB3A01-9350-4F3C-8D7C-34B3F42559A1}
		{958A386D-9DEC-414D-8213-89292AACFEEA} = {74CB3A01-9350-4F3C-8D7C-34B3F42559A1}
		{AD37364A-0CAD-461B-8E19-2249BCAE9AB2} = {72B3CA75-F621-47CE-B3D2-8323AE4612C1}
		{544BCD76-2926-4098-994F-8B1B7F250BDA} = {72B3CA75-F621-47CE-B3D2-8323AE4612C1}
		{02E40498-5C64-477F-9756-61369582536A} = {66C17CB8-161B-4151-8DB8-4EF6CE0DF997}
		{F1BBCBA5-83C6-448D-8277-C76F3ADA9C83} = {9D63C3D9-0647-428D-885C-1A80EB47D8F7}
		{C5E34893-6903-4A82-B2E0-7A442238BD02} = {9D63C3D9-0647-428D-885C-1A80EB47D8F7}
	EndGlobalSection
EndGlobal
